
Microsoft Visual Studio Solution File, Format Version 10.00
# Visual Studio 2008
Project("{E24C65DC-7377-472B-9ABA-BC803B73C61A}") = "timetable", "..\timetable", "{FDEB49C4-1E7A-4687-8081-0D833038A222}"
	ProjectSection(WebsiteProperties) = preProject
		TargetFramework = "3.5"
		Debug.AspNetCompiler.VirtualPath = "/timetable"
		Debug.AspNetCompiler.PhysicalPath = "..\timetable\"
		Debug.AspNetCompiler.TargetPath = "PrecompiledWeb\timetable\"
		Debug.AspNetCompiler.Updateable = "true"
		Debug.AspNetCompiler.ForceOverwrite = "true"
		Debug.AspNetCompiler.FixedNames = "false"
		Debug.AspNetCompiler.Debug = "True"
		Release.AspNetCompiler.VirtualPath = "/timetable"
		Release.AspNetCompiler.PhysicalPath = "..\timetable\"
		Release.AspNetCompiler.TargetPath = "PrecompiledWeb\timetable\"
		Release.AspNetCompiler.Updateable = "true"
		Release.AspNetCompiler.ForceOverwrite = "true"
		Release.AspNetCompiler.FixedNames = "false"
		Release.AspNetCompiler.Debug = "False"
		VWDPort = "49294"
	EndProjectSection
EndProject
Global
	GlobalSection(SolutionConfigurationPlatforms) = preSolution
		Debug|.NET = Debug|.NET
	EndGlobalSection
	GlobalSection(ProjectConfigurationPlatforms) = postSolution
		{FDEB49C4-1E7A-4687-8081-0D833038A222}.Debug|.NET.ActiveCfg = Debug|.NET
		{FDEB49C4-1E7A-4687-8081-0D833038A222}.Debug|.NET.Build.0 = Debug|.NET
	EndGlobalSection
	GlobalSection(SolutionProperties) = preSolution
		HideSolutionNode = FALSE
	EndGlobalSection
EndGlobal
